
Microsoft Visual Studio Solution File, Format Version 12.00
# Visual Studio 15
VisualStudioVersion = 15.0.28307.489
MinimumVisualStudioVersion = 10.0.40219.1
Project("{FAE04EC0-301F-11D3-BF4B-00C04F79EFBC}") = "HK5_LTHDT_BaoCaoDeTao", "HK5_LTHDT_BaoCaoDeTao\HK5_LTHDT_BaoCaoDeTao.csproj", "{98FB3928-54ED-4BC0-BD21-7EF404F9B15A}"
EndProject
Global
	GlobalSection(SolutionConfigurationPlatforms) = preSolution
		Debug|Any CPU = Debug|Any CPU
		Release|Any CPU = Release|Any CPU
	EndGlobalSection
	GlobalSection(ProjectConfigurationPlatforms) = postSolution
		{98FB3928-54ED-4BC0-BD21-7EF404F9B15A}.Debug|Any CPU.ActiveCfg = Debug|Any CPU
		{98FB3928-54ED-4BC0-BD21-7EF404F9B15A}.Debug|Any CPU.Build.0 = Debug|Any CPU
		{98FB3928-54ED-4BC0-BD21-7EF404F9B15A}.Release|Any CPU.ActiveCfg = Release|Any CPU
		{98FB3928-54ED-4BC0-BD21-7EF404F9B15A}.Release|Any CPU.Build.0 = Release|Any CPU
	EndGlobalSection
	GlobalSection(SolutionProperties) = preSolution
		HideSolutionNode = FALSE
	EndGlobalSection
	GlobalSection(ExtensibilityGlobals) = postSolution
		SolutionGuid = {6E456974-1F41-480B-A615-013149DAF16D}
	EndGlobalSection
EndGlobal
